
Microsoft Visual Studio Solution File, Format Version 12.00
# Visual Studio Version 17
VisualStudioVersion = 17.10.35013.160
MinimumVisualStudioVersion = 10.0.40219.1
Project("{FAE04EC0-301F-11D3-BF4B-00C04F79EFBC}") = "Productivity", "Productivity\Productivity.csproj", "{3CA356E9-9DBD-429F-AAEC-9A799C3FE9A2}"
EndProject
Global
	GlobalSection(SolutionConfigurationPlatforms) = preSolution
		Debug|Any CPU = Debug|Any CPU
		Release|Any CPU = Release|Any CPU
	EndGlobalSection
	GlobalSection(ProjectConfigurationPlatforms) = postSolution
		{3CA356E9-9DBD-429F-AAEC-9A799C3FE9A2}.Debug|Any CPU.ActiveCfg = Debug|Any CPU
		{3CA356E9-9DBD-429F-AAEC-9A799C3FE9A2}.Debug|Any CPU.Build.0 = Debug|Any CPU
		{3CA356E9-9DBD-429F-AAEC-9A799C3FE9A2}.Release|Any CPU.ActiveCfg = Release|Any CPU
		{3CA356E9-9DBD-429F-AAEC-9A799C3FE9A2}.Release|Any CPU.Build.0 = Release|Any CPU
	EndGlobalSection
	GlobalSection(SolutionProperties) = preSolution
		HideSolutionNode = FALSE
	EndGlobalSection
	GlobalSection(ExtensibilityGlobals) = postSolution
		SolutionGuid = {FB7DE607-CC49-4838-A98E-935B0657ED22}
	EndGlobalSection
EndGlobal
